// !$*UTF8*$!
{
	archiveVersion = 1;
	classes = {
	};
	objectVersion = 46;
	objects = {

/* Begin PBXBuildFile section */
		D891347D1E8CA4D8004E0C27 /* main.m in Sources */ = {isa = PBXBuildFile; fileRef = D891347C1E8CA4D8004E0C27 /* main.m */; };
		D89134801E8CA4D8004E0C27 /* AppDelegate.m in Sources */ = {isa = PBXBuildFile; fileRef = D891347F1E8CA4D8004E0C27 /* AppDelegate.m */; };
		D89134831E8CA4D8004E0C27 /* ViewController.m in Sources */ = {isa = PBXBuildFile; fileRef = D89134821E8CA4D8004E0C27 /* ViewController.m */; };
		D89134861E8CA4D8004E0C27 /* Main.storyboard in Resources */ = {isa = PBXBuildFile; fileRef = D89134841E8CA4D8004E0C27 /* Main.storyboard */; };
		D89134881E8CA4D8004E0C27 /* Assets.xcassets in Resources */ = {isa = PBXBuildFile; fileRef = D89134871E8CA4D8004E0C27 /* Assets.xcassets */; };
		D891348B1E8CA4D8004E0C27 /* LaunchScreen.storyboard in Resources */ = {isa = PBXBuildFile; fileRef = D89134891E8CA4D8004E0C27 /* LaunchScreen.storyboard */; };
		D89134961E8CA4D8004E0C27 /* MCPlayerTests.m in Sources */ = {isa = PBXBuildFile; fileRef = D89134951E8CA4D8004E0C27 /* MCPlayerTests.m */; };
		D89134A11E8CA4D8004E0C27 /* MCPlayerUITests.m in Sources */ = {isa = PBXBuildFile; fileRef = D89134A01E8CA4D8004E0C27 /* MCPlayerUITests.m */; };
		D89134B51E8CACD6004E0C27 /* MCResourceLoader.m in Sources */ = {isa = PBXBuildFile; fileRef = D89134B41E8CACD6004E0C27 /* MCResourceLoader.m */; };
		D89134B71E8CADCE004E0C27 /* MobileCoreServices.framework in Frameworks */ = {isa = PBXBuildFile; fileRef = D89134B61E8CADCE004E0C27 /* MobileCoreServices.framework */; };
		D89134B91E8CAE09004E0C27 /* AVFoundation.framework in Frameworks */ = {isa = PBXBuildFile; fileRef = D89134B81E8CAE09004E0C27 /* AVFoundation.framework */; };
		D89134BC1E8CAFA4004E0C27 /* MCPlayer.m in Sources */ = {isa = PBXBuildFile; fileRef = D89134BB1E8CAFA4004E0C27 /* MCPlayer.m */; };
		D89134BF1E8CB224004E0C27 /* MCPath.m in Sources */ = {isa = PBXBuildFile; fileRef = D89134BE1E8CB224004E0C27 /* MCPath.m */; };
		D89134C21E8CB2D6004E0C27 /* NSString+MD5.m in Sources */ = {isa = PBXBuildFile; fileRef = D89134C11E8CB2D6004E0C27 /* NSString+MD5.m */; };
		D8C9FC9C1EF2395200494CF6 /* MCDonwloadTask.m in Sources */ = {isa = PBXBuildFile; fileRef = D8C9FC9B1EF2395200494CF6 /* MCDonwloadTask.m */; };
		D8C9FC9F1EF256D500494CF6 /* MCVideoPlayer.m in Sources */ = {isa = PBXBuildFile; fileRef = D8C9FC9E1EF256D500494CF6 /* MCVideoPlayer.m */; };
		D8C9FCA51EF25F9C00494CF6 /* VideoViewController.m in Sources */ = {isa = PBXBuildFile; fileRef = D8C9FCA41EF25F9C00494CF6 /* VideoViewController.m */; };
		D8C9FCA91EF260F200494CF6 /* VideoCell.m in Sources */ = {isa = PBXBuildFile; fileRef = D8C9FCA71EF260F200494CF6 /* VideoCell.m */; };
		D8C9FCAA1EF260F200494CF6 /* VideoCell.xib in Resources */ = {isa = PBXBuildFile; fileRef = D8C9FCA81EF260F200494CF6 /* VideoCell.xib */; };
		D8C9FCAC1EF26CE200494CF6 /* data.plist in Resources */ = {isa = PBXBuildFile; fileRef = D8C9FCAB1EF26CE200494CF6 /* data.plist */; };
		D8C9FCB41EF2937400494CF6 /* MCVideoModel.m in Sources */ = {isa = PBXBuildFile; fileRef = D8C9FCB31EF2937400494CF6 /* MCVideoModel.m */; };
		D8DF00C81F0E03D0006309B6 /* MCCacheRecord.m in Sources */ = {isa = PBXBuildFile; fileRef = D8DF00C71F0E03D0006309B6 /* MCCacheRecord.m */; };
		D8DF00CB1F0E093B006309B6 /* MCRangeModel.m in Sources */ = {isa = PBXBuildFile; fileRef = D8DF00CA1F0E093B006309B6 /* MCRangeModel.m */; };
		E468CA06D1BC7C9CA02BA68C /* Pods_MCPlayer.framework in Frameworks */ = {isa = PBXBuildFile; fileRef = C1474D5C98B5DE19EDA6FC37 /* Pods_MCPlayer.framework */; };
/* End PBXBuildFile section */

/* Begin PBXContainerItemProxy section */
		D89134921E8CA4D8004E0C27 /* PBXContainerItemProxy */ = {
			isa = PBXContainerItemProxy;
			containerPortal = D89134701E8CA4D8004E0C27 /* Project object */;
			proxyType = 1;
			remoteGlobalIDString = D89134771E8CA4D8004E0C27;
			remoteInfo = MCPlayer;
		};
		D891349D1E8CA4D8004E0C27 /* PBXContainerItemProxy */ = {
			isa = PBXContainerItemProxy;
			containerPortal = D89134701E8CA4D8004E0C27 /* Project object */;
			proxyType = 1;
			remoteGlobalIDString = D89134771E8CA4D8004E0C27;
			remoteInfo = MCPlayer;
		};
/* End PBXContainerItemProxy section */

/* Begin PBXFileReference section */
		5BD93EB9631831D74F34C7AA /* Pods-MCPlayer.debug.xcconfig */ = {isa = PBXFileReference; includeInIndex = 1; lastKnownFileType = text.xcconfig; name = "Pods-MCPlayer.debug.xcconfig"; path = "Pods/Target Support Files/Pods-MCPlayer/Pods-MCPlayer.debug.xcconfig"; sourceTree = "<group>"; };
		A16D6778B408717158367A43 /* Pods-MCPlayer.release.xcconfig */ = {isa = PBXFileReference; includeInIndex = 1; lastKnownFileType = text.xcconfig; name = "Pods-MCPlayer.release.xcconfig"; path = "Pods/Target Support Files/Pods-MCPlayer/Pods-MCPlayer.release.xcconfig"; sourceTree = "<group>"; };
		C1474D5C98B5DE19EDA6FC37 /* Pods_MCPlayer.framework */ = {isa = PBXFileReference; explicitFileType = wrapper.framework; includeInIndex = 0; path = Pods_MCPlayer.framework; sourceTree = BUILT_PRODUCTS_DIR; };
		D89134781E8CA4D8004E0C27 /* MCPlayer.app */ = {isa = PBXFileReference; explicitFileType = wrapper.application; includeInIndex = 0; path = MCPlayer.app; sourceTree = BUILT_PRODUCTS_DIR; };
		D891347C1E8CA4D8004E0C27 /* main.m */ = {isa = PBXFileReference; lastKnownFileType = sourcecode.c.objc; path = main.m; sourceTree = "<group>"; };
		D891347E1E8CA4D8004E0C27 /* AppDelegate.h */ = {isa = PBXFileReference; lastKnownFileType = sourcecode.c.h; path = AppDelegate.h; sourceTree = "<group>"; };
		D891347F1E8CA4D8004E0C27 /* AppDelegate.m */ = {isa = PBXFileReference; lastKnownFileType = sourcecode.c.objc; path = AppDelegate.m; sourceTree = "<group>"; };
		D89134811E8CA4D8004E0C27 /* ViewController.h */ = {isa = PBXFileReference; lastKnownFileType = sourcecode.c.h; path = ViewController.h; sourceTree = "<group>"; };
		D89134821E8CA4D8004E0C27 /* ViewController.m */ = {isa = PBXFileReference; lastKnownFileType = sourcecode.c.objc; path = ViewController.m; sourceTree = "<group>"; };
		D89134851E8CA4D8004E0C27 /* Base */ = {isa = PBXFileReference; lastKnownFileType = file.storyboard; name = Base; path = Base.lproj/Main.storyboard; sourceTree = "<group>"; };
		D89134871E8CA4D8004E0C27 /* Assets.xcassets */ = {isa = PBXFileReference; lastKnownFileType = folder.assetcatalog; path = Assets.xcassets; sourceTree = "<group>"; };
		D891348A1E8CA4D8004E0C27 /* Base */ = {isa = PBXFileReference; lastKnownFileType = file.storyboard; name = Base; path = Base.lproj/LaunchScreen.storyboard; sourceTree = "<group>"; };
		D891348C1E8CA4D8004E0C27 /* Info.plist */ = {isa = PBXFileReference; lastKnownFileType = text.plist.xml; path = Info.plist; sourceTree = "<group>"; };
		D89134911E8CA4D8004E0C27 /* MCPlayerTests.xctest */ = {isa = PBXFileReference; explicitFileType = wrapper.cfbundle; includeInIndex = 0; path = MCPlayerTests.xctest; sourceTree = BUILT_PRODUCTS_DIR; };
		D89134951E8CA4D8004E0C27 /* MCPlayerTests.m */ = {isa = PBXFileReference; lastKnownFileType = sourcecode.c.objc; path = MCPlayerTests.m; sourceTree = "<group>"; };
		D89134971E8CA4D8004E0C27 /* Info.plist */ = {isa = PBXFileReference; lastKnownFileType = text.plist.xml; path = Info.plist; sourceTree = "<group>"; };
		D891349C1E8CA4D8004E0C27 /* MCPlayerUITests.xctest */ = {isa = PBXFileReference; explicitFileType = wrapper.cfbundle; includeInIndex = 0; path = MCPlayerUITests.xctest; sourceTree = BUILT_PRODUCTS_DIR; };
		D89134A01E8CA4D8004E0C27 /* MCPlayerUITests.m */ = {isa = PBXFileReference; lastKnownFileType = sourcecode.c.objc; path = MCPlayerUITests.m; sourceTree = "<group>"; };
		D89134A21E8CA4D8004E0C27 /* Info.plist */ = {isa = PBXFileReference; lastKnownFileType = text.plist.xml; path = Info.plist; sourceTree = "<group>"; };
		D89134B31E8CACD6004E0C27 /* MCResourceLoader.h */ = {isa = PBXFileReference; fileEncoding = 4; lastKnownFileType = sourcecode.c.h; path = MCResourceLoader.h; sourceTree = "<group>"; };
		D89134B41E8CACD6004E0C27 /* MCResourceLoader.m */ = {isa = PBXFileReference; fileEncoding = 4; lastKnownFileType = sourcecode.c.objc; path = MCResourceLoader.m; sourceTree = "<group>"; };
		D89134B61E8CADCE004E0C27 /* MobileCoreServices.framework */ = {isa = PBXFileReference; lastKnownFileType = wrapper.framework; name = MobileCoreServices.framework; path = System/Library/Frameworks/MobileCoreServices.framework; sourceTree = SDKROOT; };
		D89134B81E8CAE09004E0C27 /* AVFoundation.framework */ = {isa = PBXFileReference; lastKnownFileType = wrapper.framework; name = AVFoundation.framework; path = System/Library/Frameworks/AVFoundation.framework; sourceTree = SDKROOT; };
		D89134BA1E8CAFA4004E0C27 /* MCPlayer.h */ = {isa = PBXFileReference; fileEncoding = 4; lastKnownFileType = sourcecode.c.h; path = MCPlayer.h; sourceTree = "<group>"; };
		D89134BB1E8CAFA4004E0C27 /* MCPlayer.m */ = {isa = PBXFileReference; fileEncoding = 4; lastKnownFileType = sourcecode.c.objc; path = MCPlayer.m; sourceTree = "<group>"; };
		D89134BD1E8CB224004E0C27 /* MCPath.h */ = {isa = PBXFileReference; fileEncoding = 4; lastKnownFileType = sourcecode.c.h; path = MCPath.h; sourceTree = "<group>"; };
		D89134BE1E8CB224004E0C27 /* MCPath.m */ = {isa = PBXFileReference; fileEncoding = 4; lastKnownFileType = sourcecode.c.objc; path = MCPath.m; sourceTree = "<group>"; };
		D89134C01E8CB2D6004E0C27 /* NSString+MD5.h */ = {isa = PBXFileReference; fileEncoding = 4; lastKnownFileType = sourcecode.c.h; path = "NSString+MD5.h"; sourceTree = "<group>"; };
		D89134C11E8CB2D6004E0C27 /* NSString+MD5.m */ = {isa = PBXFileReference; fileEncoding = 4; lastKnownFileType = sourcecode.c.objc; path = "NSString+MD5.m"; sourceTree = "<group>"; };
		D8C9FC9A1EF2395200494CF6 /* MCDonwloadTask.h */ = {isa = PBXFileReference; fileEncoding = 4; lastKnownFileType = sourcecode.c.h; path = MCDonwloadTask.h; sourceTree = "<group>"; };
		D8C9FC9B1EF2395200494CF6 /* MCDonwloadTask.m */ = {isa = PBXFileReference; fileEncoding = 4; lastKnownFileType = sourcecode.c.objc; path = MCDonwloadTask.m; sourceTree = "<group>"; };
		D8C9FC9D1EF256D500494CF6 /* MCVideoPlayer.h */ = {isa = PBXFileReference; fileEncoding = 4; lastKnownFileType = sourcecode.c.h; path = MCVideoPlayer.h; sourceTree = "<group>"; };
		D8C9FC9E1EF256D500494CF6 /* MCVideoPlayer.m */ = {isa = PBXFileReference; fileEncoding = 4; lastKnownFileType = sourcecode.c.objc; path = MCVideoPlayer.m; sourceTree = "<group>"; };
		D8C9FCA31EF25F9C00494CF6 /* VideoViewController.h */ = {isa = PBXFileReference; fileEncoding = 4; lastKnownFileType = sourcecode.c.h; path = VideoViewController.h; sourceTree = "<group>"; };
		D8C9FCA41EF25F9C00494CF6 /* VideoViewController.m */ = {isa = PBXFileReference; fileEncoding = 4; lastKnownFileType = sourcecode.c.objc; path = VideoViewController.m; sourceTree = "<group>"; };
		D8C9FCA61EF260F200494CF6 /* VideoCell.h */ = {isa = PBXFileReference; fileEncoding = 4; lastKnownFileType = sourcecode.c.h; path = VideoCell.h; sourceTree = "<group>"; };
		D8C9FCA71EF260F200494CF6 /* VideoCell.m */ = {isa = PBXFileReference; fileEncoding = 4; lastKnownFileType = sourcecode.c.objc; path = VideoCell.m; sourceTree = "<group>"; };
		D8C9FCA81EF260F200494CF6 /* VideoCell.xib */ = {isa = PBXFileReference; fileEncoding = 4; lastKnownFileType = file.xib; path = VideoCell.xib; sourceTree = "<group>"; };
		D8C9FCAB1EF26CE200494CF6 /* data.plist */ = {isa = PBXFileReference; fileEncoding = 4; lastKnownFileType = text.plist.xml; path = data.plist; sourceTree = "<group>"; };
		D8C9FCAE1EF274AE00494CF6 /* MCPlayer-Prefix.pch */ = {isa = PBXFileReference; fileEncoding = 4; lastKnownFileType = sourcecode.c.h; path = "MCPlayer-Prefix.pch"; sourceTree = "<group>"; };
		D8C9FCB21EF2937400494CF6 /* MCVideoModel.h */ = {isa = PBXFileReference; fileEncoding = 4; lastKnownFileType = sourcecode.c.h; path = MCVideoModel.h; sourceTree = "<group>"; };
		D8C9FCB31EF2937400494CF6 /* MCVideoModel.m */ = {isa = PBXFileReference; fileEncoding = 4; lastKnownFileType = sourcecode.c.objc; path = MCVideoModel.m; sourceTree = "<group>"; };
		D8DF00C61F0E03D0006309B6 /* MCCacheRecord.h */ = {isa = PBXFileReference; fileEncoding = 4; lastKnownFileType = sourcecode.c.h; path = MCCacheRecord.h; sourceTree = "<group>"; };
		D8DF00C71F0E03D0006309B6 /* MCCacheRecord.m */ = {isa = PBXFileReference; fileEncoding = 4; lastKnownFileType = sourcecode.c.objc; path = MCCacheRecord.m; sourceTree = "<group>"; };
		D8DF00C91F0E093B006309B6 /* MCRangeModel.h */ = {isa = PBXFileReference; fileEncoding = 4; lastKnownFileType = sourcecode.c.h; path = MCRangeModel.h; sourceTree = "<group>"; };
		D8DF00CA1F0E093B006309B6 /* MCRangeModel.m */ = {isa = PBXFileReference; fileEncoding = 4; lastKnownFileType = sourcecode.c.objc; path = MCRangeModel.m; sourceTree = "<group>"; };
/* End PBXFileReference section */

/* Begin PBXFrameworksBuildPhase section */
		D89134751E8CA4D8004E0C27 /* Frameworks */ = {
			isa = PBXFrameworksBuildPhase;
			buildActionMask = 2147483647;
			files = (
				D89134B91E8CAE09004E0C27 /* AVFoundation.framework in Frameworks */,
				D89134B71E8CADCE004E0C27 /* MobileCoreServices.framework in Frameworks */,
				E468CA06D1BC7C9CA02BA68C /* Pods_MCPlayer.framework in Frameworks */,
			);
			runOnlyForDeploymentPostprocessing = 0;
		};
		D891348E1E8CA4D8004E0C27 /* Frameworks */ = {
			isa = PBXFrameworksBuildPhase;
			buildActionMask = 2147483647;
			files = (
			);
			runOnlyForDeploymentPostprocessing = 0;
		};
		D89134991E8CA4D8004E0C27 /* Frameworks */ = {
			isa = PBXFrameworksBuildPhase;
			buildActionMask = 2147483647;
			files = (
			);
			runOnlyForDeploymentPostprocessing = 0;
		};
/* End PBXFrameworksBuildPhase section */

/* Begin PBXGroup section */
		4A4B8C4F2BDB635162228174 /* Pods */ = {
			isa = PBXGroup;
			children = (
				5BD93EB9631831D74F34C7AA /* Pods-MCPlayer.debug.xcconfig */,
				A16D6778B408717158367A43 /* Pods-MCPlayer.release.xcconfig */,
			);
			name = Pods;
			sourceTree = "<group>";
		};
		95B2CC4DA6E5F80ED5FE424A /* Frameworks */ = {
			isa = PBXGroup;
			children = (
				D89134B81E8CAE09004E0C27 /* AVFoundation.framework */,
				D89134B61E8CADCE004E0C27 /* MobileCoreServices.framework */,
				C1474D5C98B5DE19EDA6FC37 /* Pods_MCPlayer.framework */,
			);
			name = Frameworks;
			sourceTree = "<group>";
		};
		D891346F1E8CA4D8004E0C27 = {
			isa = PBXGroup;
			children = (
				D891347A1E8CA4D8004E0C27 /* MCPlayer */,
				D89134941E8CA4D8004E0C27 /* MCPlayerTests */,
				D891349F1E8CA4D8004E0C27 /* MCPlayerUITests */,
				D89134791E8CA4D8004E0C27 /* Products */,
				4A4B8C4F2BDB635162228174 /* Pods */,
				95B2CC4DA6E5F80ED5FE424A /* Frameworks */,
			);
			sourceTree = "<group>";
		};
		D89134791E8CA4D8004E0C27 /* Products */ = {
			isa = PBXGroup;
			children = (
				D89134781E8CA4D8004E0C27 /* MCPlayer.app */,
				D89134911E8CA4D8004E0C27 /* MCPlayerTests.xctest */,
				D891349C1E8CA4D8004E0C27 /* MCPlayerUITests.xctest */,
			);
			name = Products;
			sourceTree = "<group>";
		};
		D891347A1E8CA4D8004E0C27 /* MCPlayer */ = {
			isa = PBXGroup;
			children = (
				D89134B21E8CACA2004E0C27 /* MCPlayer */,
				D891347E1E8CA4D8004E0C27 /* AppDelegate.h */,
				D891347F1E8CA4D8004E0C27 /* AppDelegate.m */,
				D89134811E8CA4D8004E0C27 /* ViewController.h */,
				D89134821E8CA4D8004E0C27 /* ViewController.m */,
				D8C9FCA31EF25F9C00494CF6 /* VideoViewController.h */,
				D8C9FCA41EF25F9C00494CF6 /* VideoViewController.m */,
				D8C9FCA61EF260F200494CF6 /* VideoCell.h */,
				D8C9FCA71EF260F200494CF6 /* VideoCell.m */,
				D8C9FCA81EF260F200494CF6 /* VideoCell.xib */,
				D8C9FCB21EF2937400494CF6 /* MCVideoModel.h */,
				D8C9FCB31EF2937400494CF6 /* MCVideoModel.m */,
				D89134841E8CA4D8004E0C27 /* Main.storyboard */,
				D89134871E8CA4D8004E0C27 /* Assets.xcassets */,
				D89134891E8CA4D8004E0C27 /* LaunchScreen.storyboard */,
				D891348C1E8CA4D8004E0C27 /* Info.plist */,
				D891347B1E8CA4D8004E0C27 /* Supporting Files */,
			);
			path = MCPlayer;
			sourceTree = "<group>";
		};
		D891347B1E8CA4D8004E0C27 /* Supporting Files */ = {
			isa = PBXGroup;
			children = (
				D891347C1E8CA4D8004E0C27 /* main.m */,
				D8C9FCAB1EF26CE200494CF6 /* data.plist */,
				D8C9FCAE1EF274AE00494CF6 /* MCPlayer-Prefix.pch */,
			);
			name = "Supporting Files";
			sourceTree = "<group>";
		};
		D89134941E8CA4D8004E0C27 /* MCPlayerTests */ = {
			isa = PBXGroup;
			children = (
				D89134951E8CA4D8004E0C27 /* MCPlayerTests.m */,
				D89134971E8CA4D8004E0C27 /* Info.plist */,
			);
			path = MCPlayerTests;
			sourceTree = "<group>";
		};
		D891349F1E8CA4D8004E0C27 /* MCPlayerUITests */ = {
			isa = PBXGroup;
			children = (
				D89134A01E8CA4D8004E0C27 /* MCPlayerUITests.m */,
				D89134A21E8CA4D8004E0C27 /* Info.plist */,
			);
			path = MCPlayerUITests;
			sourceTree = "<group>";
		};
		D89134B21E8CACA2004E0C27 /* MCPlayer */ = {
			isa = PBXGroup;
			children = (
				D8DF00C61F0E03D0006309B6 /* MCCacheRecord.h */,
				D8DF00C71F0E03D0006309B6 /* MCCacheRecord.m */,
				D8DF00C91F0E093B006309B6 /* MCRangeModel.h */,
				D8DF00CA1F0E093B006309B6 /* MCRangeModel.m */,
				D8C9FC9A1EF2395200494CF6 /* MCDonwloadTask.h */,
				D8C9FC9B1EF2395200494CF6 /* MCDonwloadTask.m */,
				D89134B31E8CACD6004E0C27 /* MCResourceLoader.h */,
				D89134B41E8CACD6004E0C27 /* MCResourceLoader.m */,
				D8C9FC9D1EF256D500494CF6 /* MCVideoPlayer.h */,
				D8C9FC9E1EF256D500494CF6 /* MCVideoPlayer.m */,
				D89134BA1E8CAFA4004E0C27 /* MCPlayer.h */,
				D89134BB1E8CAFA4004E0C27 /* MCPlayer.m */,
				D89134BD1E8CB224004E0C27 /* MCPath.h */,
				D89134BE1E8CB224004E0C27 /* MCPath.m */,
				D89134C01E8CB2D6004E0C27 /* NSString+MD5.h */,
				D89134C11E8CB2D6004E0C27 /* NSString+MD5.m */,
			);
			path = MCPlayer;
			sourceTree = "<group>";
		};
/* End PBXGroup section */

/* Begin PBXNativeTarget section */
		D89134771E8CA4D8004E0C27 /* MCPlayer */ = {
			isa = PBXNativeTarget;
			buildConfigurationList = D89134A51E8CA4D8004E0C27 /* Build configuration list for PBXNativeTarget "MCPlayer" */;
			buildPhases = (
				81CD9101726E0ADE1845B9E2 /* [CP] Check Pods Manifest.lock */,
				D89134741E8CA4D8004E0C27 /* Sources */,
				D89134751E8CA4D8004E0C27 /* Frameworks */,
				D89134761E8CA4D8004E0C27 /* Resources */,
				60B19DE2BF5D15765F9C69A0 /* [CP] Embed Pods Frameworks */,
				F700F221CD2678AA4DA90635 /* [CP] Copy Pods Resources */,
			);
			buildRules = (
			);
			dependencies = (
			);
			name = MCPlayer;
			productName = MCPlayer;
			productReference = D89134781E8CA4D8004E0C27 /* MCPlayer.app */;
			productType = "com.apple.product-type.application";
		};
		D89134901E8CA4D8004E0C27 /* MCPlayerTests */ = {
			isa = PBXNativeTarget;
			buildConfigurationList = D89134A81E8CA4D8004E0C27 /* Build configuration list for PBXNativeTarget "MCPlayerTests" */;
			buildPhases = (
				D891348D1E8CA4D8004E0C27 /* Sources */,
				D891348E1E8CA4D8004E0C27 /* Frameworks */,
				D891348F1E8CA4D8004E0C27 /* Resources */,
			);
			buildRules = (
			);
			dependencies = (
				D89134931E8CA4D8004E0C27 /* PBXTargetDependency */,
			);
			name = MCPlayerTests;
			productName = MCPlayerTests;
			productReference = D89134911E8CA4D8004E0C27 /* MCPlayerTests.xctest */;
			productType = "com.apple.product-type.bundle.unit-test";
		};
		D891349B1E8CA4D8004E0C27 /* MCPlayerUITests */ = {
			isa = PBXNativeTarget;
			buildConfigurationList = D89134AB1E8CA4D8004E0C27 /* Build configuration list for PBXNativeTarget "MCPlayerUITests" */;
			buildPhases = (
				D89134981E8CA4D8004E0C27 /* Sources */,
				D89134991E8CA4D8004E0C27 /* Frameworks */,
				D891349A1E8CA4D8004E0C27 /* Resources */,
			);
			buildRules = (
			);
			dependencies = (
				D891349E1E8CA4D8004E0C27 /* PBXTargetDependency */,
			);
			name = MCPlayerUITests;
			productName = MCPlayerUITests;
			productReference = D891349C1E8CA4D8004E0C27 /* MCPlayerUITests.xctest */;
			productType = "com.apple.product-type.bundle.ui-testing";
		};
/* End PBXNativeTarget section */

/* Begin PBXProject section */
		D89134701E8CA4D8004E0C27 /* Project object */ = {
			isa = PBXProject;
			attributes = {
				LastUpgradeCheck = 0820;
				ORGANIZATIONNAME = MC;
				TargetAttributes = {
					D89134771E8CA4D8004E0C27 = {
						CreatedOnToolsVersion = 8.2.1;
						DevelopmentTeam = Q94Y4N4RXK;
						ProvisioningStyle = Automatic;
					};
					D89134901E8CA4D8004E0C27 = {
						CreatedOnToolsVersion = 8.2.1;
						DevelopmentTeam = Q94Y4N4RXK;
						ProvisioningStyle = Automatic;
						TestTargetID = D89134771E8CA4D8004E0C27;
					};
					D891349B1E8CA4D8004E0C27 = {
						CreatedOnToolsVersion = 8.2.1;
						DevelopmentTeam = Q94Y4N4RXK;
						ProvisioningStyle = Automatic;
						TestTargetID = D89134771E8CA4D8004E0C27;
					};
				};
			};
			buildConfigurationList = D89134731E8CA4D8004E0C27 /* Build configuration list for PBXProject "MCPlayer" */;
			compatibilityVersion = "Xcode 3.2";
			developmentRegion = English;
			hasScannedForEncodings = 0;
			knownRegions = (
				en,
				Base,
			);
			mainGroup = D891346F1E8CA4D8004E0C27;
			productRefGroup = D89134791E8CA4D8004E0C27 /* Products */;
			projectDirPath = "";
			projectRoot = "";
			targets = (
				D89134771E8CA4D8004E0C27 /* MCPlayer */,
				D89134901E8CA4D8004E0C27 /* MCPlayerTests */,
				D891349B1E8CA4D8004E0C27 /* MCPlayerUITests */,
			);
		};
/* End PBXProject section */

/* Begin PBXResourcesBuildPhase section */
		D89134761E8CA4D8004E0C27 /* Resources */ = {
			isa = PBXResourcesBuildPhase;
			buildActionMask = 2147483647;
			files = (
				D891348B1E8CA4D8004E0C27 /* LaunchScreen.storyboard in Resources */,
				D8C9FCAA1EF260F200494CF6 /* VideoCell.xib in Resources */,
				D89134881E8CA4D8004E0C27 /* Assets.xcassets in Resources */,
				D8C9FCAC1EF26CE200494CF6 /* data.plist in Resources */,
				D89134861E8CA4D8004E0C27 /* Main.storyboard in Resources */,
			);
			runOnlyForDeploymentPostprocessing = 0;
		};
		D891348F1E8CA4D8004E0C27 /* Resources */ = {
			isa = PBXResourcesBuildPhase;
			buildActionMask = 2147483647;
			files = (
			);
			runOnlyForDeploymentPostprocessing = 0;
		};
		D891349A1E8CA4D8004E0C27 /* Resources */ = {
			isa = PBXResourcesBuildPhase;
			buildActionMask = 2147483647;
			files = (
			);
			runOnlyForDeploymentPostprocessing = 0;
		};
/* End PBXResourcesBuildPhase section */

/* Begin PBXShellScriptBuildPhase section */
		60B19DE2BF5D15765F9C69A0 /* [CP] Embed Pods Frameworks */ = {
			isa = PBXShellScriptBuildPhase;
			buildActionMask = 2147483647;
			files = (
			);
			inputPaths = (
			);
			name = "[CP] Embed Pods Frameworks";
			outputPaths = (
			);
			runOnlyForDeploymentPostprocessing = 0;
			shellPath = /bin/sh;
			shellScript = "\"${SRCROOT}/Pods/Target Support Files/Pods-MCPlayer/Pods-MCPlayer-frameworks.sh\"\n";
			showEnvVarsInLog = 0;
		};
		81CD9101726E0ADE1845B9E2 /* [CP] Check Pods Manifest.lock */ = {
			isa = PBXShellScriptBuildPhase;
			buildActionMask = 2147483647;
			files = (
			);
			inputPaths = (
			);
			name = "[CP] Check Pods Manifest.lock";
			outputPaths = (
			);
			runOnlyForDeploymentPostprocessing = 0;
			shellPath = /bin/sh;
			shellScript = "diff \"${PODS_ROOT}/../Podfile.lock\" \"${PODS_ROOT}/Manifest.lock\" > /dev/null\nif [ $? != 0 ] ; then\n    # print error to STDERR\n    echo \"error: The sandbox is not in sync with the Podfile.lock. Run 'pod install' or update your CocoaPods installation.\" >&2\n    exit 1\nfi\n";
			showEnvVarsInLog = 0;
		};
		F700F221CD2678AA4DA90635 /* [CP] Copy Pods Resources */ = {
			isa = PBXShellScriptBuildPhase;
			buildActionMask = 2147483647;
			files = (
			);
			inputPaths = (
			);
			name = "[CP] Copy Pods Resources";
			outputPaths = (
			);
			runOnlyForDeploymentPostprocessing = 0;
			shellPath = /bin/sh;
			shellScript = "\"${SRCROOT}/Pods/Target Support Files/Pods-MCPlayer/Pods-MCPlayer-resources.sh\"\n";
			showEnvVarsInLog = 0;
		};
/* End PBXShellScriptBuildPhase section */

/* Begin PBXSourcesBuildPhase section */
		D89134741E8CA4D8004E0C27 /* Sources */ = {
			isa = PBXSourcesBuildPhase;
			buildActionMask = 2147483647;
			files = (
				D8C9FCB41EF2937400494CF6 /* MCVideoModel.m in Sources */,
				D8DF00CB1F0E093B006309B6 /* MCRangeModel.m in Sources */,
				D8C9FCA91EF260F200494CF6 /* VideoCell.m in Sources */,
				D8C9FCA51EF25F9C00494CF6 /* VideoViewController.m in Sources */,
				D89134831E8CA4D8004E0C27 /* ViewController.m in Sources */,
				D8DF00C81F0E03D0006309B6 /* MCCacheRecord.m in Sources */,
				D89134BF1E8CB224004E0C27 /* MCPath.m in Sources */,
				D89134C21E8CB2D6004E0C27 /* NSString+MD5.m in Sources */,
				D89134BC1E8CAFA4004E0C27 /* MCPlayer.m in Sources */,
				D89134801E8CA4D8004E0C27 /* AppDelegate.m in Sources */,
				D891347D1E8CA4D8004E0C27 /* main.m in Sources */,
				D8C9FC9F1EF256D500494CF6 /* MCVideoPlayer.m in Sources */,
				D8C9FC9C1EF2395200494CF6 /* MCDonwloadTask.m in Sources */,
				D89134B51E8CACD6004E0C27 /* MCResourceLoader.m in Sources */,
			);
			runOnlyForDeploymentPostprocessing = 0;
		};
		D891348D1E8CA4D8004E0C27 /* Sources */ = {
			isa = PBXSourcesBuildPhase;
			buildActionMask = 2147483647;
			files = (
				D89134961E8CA4D8004E0C27 /* MCPlayerTests.m in Sources */,
			);
			runOnlyForDeploymentPostprocessing = 0;
		};
		D89134981E8CA4D8004E0C27 /* Sources */ = {
			isa = PBXSourcesBuildPhase;
			buildActionMask = 2147483647;
			files = (
				D89134A11E8CA4D8004E0C27 /* MCPlayerUITests.m in Sources */,
			);
			runOnlyForDeploymentPostprocessing = 0;
		};
/* End PBXSourcesBuildPhase section */

/* Begin PBXTargetDependency section */
		D89134931E8CA4D8004E0C27 /* PBXTargetDependency */ = {
			isa = PBXTargetDependency;
			target = D89134771E8CA4D8004E0C27 /* MCPlayer */;
			targetProxy = D89134921E8CA4D8004E0C27 /* PBXContainerItemProxy */;
		};
		D891349E1E8CA4D8004E0C27 /* PBXTargetDependency */ = {
			isa = PBXTargetDependency;
			target = D89134771E8CA4D8004E0C27 /* MCPlayer */;
			targetProxy = D891349D1E8CA4D8004E0C27 /* PBXContainerItemProxy */;
		};
/* End PBXTargetDependency section */

/* Begin PBXVariantGroup section */
		D89134841E8CA4D8004E0C27 /* Main.storyboard */ = {
			isa = PBXVariantGroup;
			children = (
				D89134851E8CA4D8004E0C27 /* Base */,
			);
			name = Main.storyboard;
			sourceTree = "<group>";
		};
		D89134891E8CA4D8004E0C27 /* LaunchScreen.storyboard */ = {
			isa = PBXVariantGroup;
			children = (
				D891348A1E8CA4D8004E0C27 /* Base */,
			);
			name = LaunchScreen.storyboard;
			sourceTree = "<group>";
		};
/* End PBXVariantGroup section */

/* Begin XCBuildConfiguration section */
		D89134A31E8CA4D8004E0C27 /* Debug */ = {
			isa = XCBuildConfiguration;
			buildSettings = {
				ALWAYS_SEARCH_USER_PATHS = NO;
				CLANG_ANALYZER_NONNULL = YES;
				CLANG_CXX_LANGUAGE_STANDARD = "gnu++0x";
				CLANG_CXX_LIBRARY = "libc++";
				CLANG_ENABLE_MODULES = YES;
				CLANG_ENABLE_OBJC_ARC = YES;
				CLANG_WARN_BOOL_CONVERSION = YES;
				CLANG_WARN_CONSTANT_CONVERSION = YES;
				CLANG_WARN_DIRECT_OBJC_ISA_USAGE = YES_ERROR;
				CLANG_WARN_DOCUMENTATION_COMMENTS = YES;
				CLANG_WARN_EMPTY_BODY = YES;
				CLANG_WARN_ENUM_CONVERSION = YES;
				CLANG_WARN_INFINITE_RECURSION = YES;
				CLANG_WARN_INT_CONVERSION = YES;
				CLANG_WARN_OBJC_ROOT_CLASS = YES_ERROR;
				CLANG_WARN_SUSPICIOUS_MOVE = YES;
				CLANG_WARN_UNREACHABLE_CODE = YES;
				CLANG_WARN__DUPLICATE_METHOD_MATCH = YES;
				"CODE_SIGN_IDENTITY[sdk=iphoneos*]" = "iPhone Developer";
				COPY_PHASE_STRIP = NO;
				DEBUG_INFORMATION_FORMAT = dwarf;
				ENABLE_STRICT_OBJC_MSGSEND = YES;
				ENABLE_TESTABILITY = YES;
				GCC_C_LANGUAGE_STANDARD = gnu99;
				GCC_DYNAMIC_NO_PIC = NO;
				GCC_NO_COMMON_BLOCKS = YES;
				GCC_OPTIMIZATION_LEVEL = 0;
				GCC_PREPROCESSOR_DEFINITIONS = (
					"DEBUG=1",
					"$(inherited)",
				);
				GCC_WARN_64_TO_32_BIT_CONVERSION = YES;
				GCC_WARN_ABOUT_RETURN_TYPE = YES_ERROR;
				GCC_WARN_UNDECLARED_SELECTOR = YES;
				GCC_WARN_UNINITIALIZED_AUTOS = YES_AGGRESSIVE;
				GCC_WARN_UNUSED_FUNCTION = YES;
				GCC_WARN_UNUSED_VARIABLE = YES;
				IPHONEOS_DEPLOYMENT_TARGET = 10.2;
				MTL_ENABLE_DEBUG_INFO = YES;
				ONLY_ACTIVE_ARCH = YES;
				SDKROOT = iphoneos;
			};
			name = Debug;
		};
		D89134A41E8CA4D8004E0C27 /* Release */ = {
			isa = XCBuildConfiguration;
			buildSettings = {
				ALWAYS_SEARCH_USER_PATHS = NO;
				CLANG_ANALYZER_NONNULL = YES;
				CLANG_CXX_LANGUAGE_STANDARD = "gnu++0x";
				CLANG_CXX_LIBRARY = "libc++";
				CLANG_ENABLE_MODULES = YES;
				CLANG_ENABLE_OBJC_ARC = YES;
				CLANG_WARN_BOOL_CONVERSION = YES;
				CLANG_WARN_CONSTANT_CONVERSION = YES;
				CLANG_WARN_DIRECT_OBJC_ISA_USAGE = YES_ERROR;
				CLANG_WARN_DOCUMENTATION_COMMENTS = YES;
				CLANG_WARN_EMPTY_BODY = YES;
				CLANG_WARN_ENUM_CONVERSION = YES;
				CLANG_WARN_INFINITE_RECURSION = YES;
				CLANG_WARN_INT_CONVERSION = YES;
				CLANG_WARN_OBJC_ROOT_CLASS = YES_ERROR;
				CLANG_WARN_SUSPICIOUS_MOVE = YES;
				CLANG_WARN_UNREACHABLE_CODE = YES;
				CLANG_WARN__DUPLICATE_METHOD_MATCH = YES;
				"CODE_SIGN_IDENTITY[sdk=iphoneos*]" = "iPhone Developer";
				COPY_PHASE_STRIP = NO;
				DEBUG_INFORMATION_FORMAT = "dwarf-with-dsym";
				ENABLE_NS_ASSERTIONS = NO;
				ENABLE_STRICT_OBJC_MSGSEND = YES;
				GCC_C_LANGUAGE_STANDARD = gnu99;
				GCC_NO_COMMON_BLOCKS = YES;
				GCC_WARN_64_TO_32_BIT_CONVERSION = YES;
				GCC_WARN_ABOUT_RETURN_TYPE = YES_ERROR;
				GCC_WARN_UNDECLARED_SELECTOR = YES;
				GCC_WARN_UNINITIALIZED_AUTOS = YES_AGGRESSIVE;
				GCC_WARN_UNUSED_FUNCTION = YES;
				GCC_WARN_UNUSED_VARIABLE = YES;
				IPHONEOS_DEPLOYMENT_TARGET = 10.2;
				MTL_ENABLE_DEBUG_INFO = NO;
				SDKROOT = iphoneos;
				VALIDATE_PRODUCT = YES;
			};
			name = Release;
		};
		D89134A61E8CA4D8004E0C27 /* Debug */ = {
			isa = XCBuildConfiguration;
			baseConfigurationReference = 5BD93EB9631831D74F34C7AA /* Pods-MCPlayer.debug.xcconfig */;
			buildSettings = {
				ASSETCATALOG_COMPILER_APPICON_NAME = AppIcon;
				DEVELOPMENT_TEAM = Q94Y4N4RXK;
				GCC_INCREASE_PRECOMPILED_HEADER_SHARING = YES;
				GCC_INPUT_FILETYPE = automatic;
				GCC_PRECOMPILE_PREFIX_HEADER = YES;
				GCC_PREFIX_HEADER = "/Users/m_code/MCPlayer/MCPlayer/MCPlayer-Prefix.pch";
				INFOPLIST_FILE = MCPlayer/Info.plist;
				LD_RUNPATH_SEARCH_PATHS = "$(inherited) @executable_path/Frameworks";
				PRODUCT_BUNDLE_IDENTIFIER = com.mcnet.MCPlayer;
				PRODUCT_NAME = "$(TARGET_NAME)";
			};
			name = Debug;
		};
		D89134A71E8CA4D8004E0C27 /* Release */ = {
			isa = XCBuildConfiguration;
			baseConfigurationReference = A16D6778B408717158367A43 /* Pods-MCPlayer.release.xcconfig */;
			buildSettings = {
				ASSETCATALOG_COMPILER_APPICON_NAME = AppIcon;
				DEVELOPMENT_TEAM = Q94Y4N4RXK;
				GCC_INCREASE_PRECOMPILED_HEADER_SHARING = YES;
				GCC_INPUT_FILETYPE = automatic;
				GCC_PRECOMPILE_PREFIX_HEADER = YES;
				GCC_PREFIX_HEADER = "/Users/m_code/MCPlayer/MCPlayer/MCPlayer-Prefix.pch";
				INFOPLIST_FILE = MCPlayer/Info.plist;
				LD_RUNPATH_SEARCH_PATHS = "$(inherited) @executable_path/Frameworks";
				PRODUCT_BUNDLE_IDENTIFIER = com.mcnet.MCPlayer;
				PRODUCT_NAME = "$(TARGET_NAME)";
			};
			name = Release;
		};
		D89134A91E8CA4D8004E0C27 /* Debug */ = {
			isa = XCBuildConfiguration;
			buildSettings = {
				BUNDLE_LOADER = "$(TEST_HOST)";
				DEVELOPMENT_TEAM = Q94Y4N4RXK;
				INFOPLIST_FILE = MCPlayerTests/Info.plist;
				LD_RUNPATH_SEARCH_PATHS = "$(inherited) @executable_path/Frameworks @loader_path/Frameworks";
				PRODUCT_BUNDLE_IDENTIFIER = com.mcnet.MCPlayerTests;
				PRODUCT_NAME = "$(TARGET_NAME)";
				TEST_HOST = "$(BUILT_PRODUCTS_DIR)/MCPlayer.app/MCPlayer";
			};
			name = Debug;
		};
		D89134AA1E8CA4D8004E0C27 /* Release */ = {
			isa = XCBuildConfiguration;
			buildSettings = {
				BUNDLE_LOADER = "$(TEST_HOST)";
				DEVELOPMENT_TEAM = Q94Y4N4RXK;
				INFOPLIST_FILE = MCPlayerTests/Info.plist;
				LD_RUNPATH_SEARCH_PATHS = "$(inherited) @executable_path/Frameworks @loader_path/Frameworks";
				PRODUCT_BUNDLE_IDENTIFIER = com.mcnet.MCPlayerTests;
				PRODUCT_NAME = "$(TARGET_NAME)";
				TEST_HOST = "$(BUILT_PRODUCTS_DIR)/MCPlayer.app/MCPlayer";
			};
			name = Release;
		};
		D89134AC1E8CA4D8004E0C27 /* Debug */ = {
			isa = XCBuildConfiguration;
			buildSettings = {
				DEVELOPMENT_TEAM = Q94Y4N4RXK;
				INFOPLIST_FILE = MCPlayerUITests/Info.plist;
				LD_RUNPATH_SEARCH_PATHS = "$(inherited) @executable_path/Frameworks @loader_path/Frameworks";
				PRODUCT_BUNDLE_IDENTIFIER = com.mcnet.MCPlayerUITests;
				PRODUCT_NAME = "$(TARGET_NAME)";
				TEST_TARGET_NAME = MCPlayer;
			};
			name = Debug;
		};
		D89134AD1E8CA4D8004E0C27 /* Release */ = {
			isa = XCBuildConfiguration;
			buildSettings = {
				DEVELOPMENT_TEAM = Q94Y4N4RXK;
				INFOPLIST_FILE = MCPlayerUITests/Info.plist;
				LD_RUNPATH_SEARCH_PATHS = "$(inherited) @executable_path/Frameworks @loader_path/Frameworks";
				PRODUCT_BUNDLE_IDENTIFIER = com.mcnet.MCPlayerUITests;
				PRODUCT_NAME = "$(TARGET_NAME)";
				TEST_TARGET_NAME = MCPlayer;
			};
			name = Release;
		};
/* End XCBuildConfiguration section */

/* Begin XCConfigurationList section */
		D89134731E8CA4D8004E0C27 /* Build configuration list for PBXProject "MCPlayer" */ = {
			isa = XCConfigurationList;
			buildConfigurations = (
				D89134A31E8CA4D8004E0C27 /* Debug */,
				D89134A41E8CA4D8004E0C27 /* Release */,
			);
			defaultConfigurationIsVisible = 0;
			defaultConfigurationName = Release;
		};
		D89134A51E8CA4D8004E0C27 /* Build configuration list for PBXNativeTarget "MCPlayer" */ = {
			isa = XCConfigurationList;
			buildConfigurations = (
				D89134A61E8CA4D8004E0C27 /* Debug */,
				D89134A71E8CA4D8004E0C27 /* Release */,
			);
			defaultConfigurationIsVisible = 0;
			defaultConfigurationName = Release;
		};
		D89134A81E8CA4D8004E0C27 /* Build configuration list for PBXNativeTarget "MCPlayerTests" */ = {
			isa = XCConfigurationList;
			buildConfigurations = (
				D89134A91E8CA4D8004E0C27 /* Debug */,
				D89134AA1E8CA4D8004E0C27 /* Release */,
			);
			defaultConfigurationIsVisible = 0;
			defaultConfigurationName = Release;
		};
		D89134AB1E8CA4D8004E0C27 /* Build configuration list for PBXNativeTarget "MCPlayerUITests" */ = {
			isa = XCConfigurationList;
			buildConfigurations = (
				D89134AC1E8CA4D8004E0C27 /* Debug */,
				D89134AD1E8CA4D8004E0C27 /* Release */,
			);
			defaultConfigurationIsVisible = 0;
			defaultConfigurationName = Release;
		};
/* End XCConfigurationList section */
	};
	rootObject = D89134701E8CA4D8004E0C27 /* Project object */;
}
